
Microsoft Visual Studio Solution File, Format Version 12.00
# Visual Studio Version 16
VisualStudioVersion = 16.0.30907.101
MinimumVisualStudioVersion = 10.0.40219.1
Project("{9A19103F-16F7-4668-BE54-9A1E7A4F7556}") = "Gruppe19_NGK_Aflevering3_OpgaveA", "Gruppe19_NGK_Aflevering3_OpgaveA\Gruppe19_NGK_Aflevering3_OpgaveA.csproj", "{569BADA7-E154-4E39-840D-22F700633781}"
EndProject
Project("{9A19103F-16F7-4668-BE54-9A1E7A4F7556}") = "UnitTest", "UnitTest\UnitTest.csproj", "{1ED03C2D-0115-452A-B368-BDF304944024}"
	ProjectSection(ProjectDependencies) = postProject
		{569BADA7-E154-4E39-840D-22F700633781} = {569BADA7-E154-4E39-840D-22F700633781}
	EndProjectSection
EndProject
Global
	GlobalSection(SolutionConfigurationPlatforms) = preSolution
		Debug|Any CPU = Debug|Any CPU
		Release|Any CPU = Release|Any CPU
	EndGlobalSection
	GlobalSection(ProjectConfigurationPlatforms) = postSolution
		{569BADA7-E154-4E39-840D-22F700633781}.Debug|Any CPU.ActiveCfg = Debug|Any CPU
		{569BADA7-E154-4E39-840D-22F700633781}.Debug|Any CPU.Build.0 = Debug|Any CPU
		{569BADA7-E154-4E39-840D-22F700633781}.Release|Any CPU.ActiveCfg = Release|Any CPU
		{569BADA7-E154-4E39-840D-22F700633781}.Release|Any CPU.Build.0 = Release|Any CPU
		{1ED03C2D-0115-452A-B368-BDF304944024}.Debug|Any CPU.ActiveCfg = Debug|Any CPU
		{1ED03C2D-0115-452A-B368-BDF304944024}.Debug|Any CPU.Build.0 = Debug|Any CPU
		{1ED03C2D-0115-452A-B368-BDF304944024}.Release|Any CPU.ActiveCfg = Release|Any CPU
		{1ED03C2D-0115-452A-B368-BDF304944024}.Release|Any CPU.Build.0 = Release|Any CPU
	EndGlobalSection
	GlobalSection(SolutionProperties) = preSolution
		HideSolutionNode = FALSE
	EndGlobalSection
	GlobalSection(ExtensibilityGlobals) = postSolution
		SolutionGuid = {E18291C6-81B7-4CAB-8BA7-8A5183A024D4}
	EndGlobalSection
EndGlobal
